{
  "name": "media-player",
  "version": "1.0.0",
  "lockfileVersion": 1,
  "requires": true,
  "dependencies": {
    "eme-encryption-scheme-polyfill": {
      "version": "2.0.1",
      "resolved": "https://registry.npmjs.org/eme-encryption-scheme-polyfill/-/eme-encryption-scheme-polyfill-2.0.1.tgz",
      "integrity": "sha512-Wz+Ro1c0/2Wsx2RLFvTOO0m4LvYn+7cSnq3XOvRvLLBq8jbvUACH/zpU9s0/5+mQa5oaelkU69x+q0z/iWYrFA=="
    },
    "shaka-player": {
      "version": "3.0.7",
      "resolved": "https://registry.npmjs.org/shaka-player/-/shaka-player-3.0.7.tgz",
      "integrity": "sha512-+j6zQ/6iiWtLXBO2FuSdFX2PCUmjmtYNtfQl/A69om0HIkMlPQR7/rff+coe1UPdRQLb4fyGn4YfLFzuMGo28A==",
      "requires": {
        "eme-encryption-scheme-polyfill": "^2.0.1"
      }
    }
  }
}
